// !$*UTF8*$!
{
	archiveVersion = 1;
	classes = {
	};
	objectVersion = 55;
	objects = {

/* Begin PBXBuildFile section */
		AE57C65E285AFD73009CEA32 /* AppDelegate.swift in Sources */ = {isa = PBXBuildFile; fileRef = AE57C65D285AFD73009CEA32 /* AppDelegate.swift */; };
		AE57C660285AFD73009CEA32 /* SceneDelegate.swift in Sources */ = {isa = PBXBuildFile; fileRef = AE57C65F285AFD73009CEA32 /* SceneDelegate.swift */; };
		AE57C665285AFD73009CEA32 /* Main.storyboard in Resources */ = {isa = PBXBuildFile; fileRef = AE57C663285AFD73009CEA32 /* Main.storyboard */; };
		AE57C667285AFD75009CEA32 /* Assets.xcassets in Resources */ = {isa = PBXBuildFile; fileRef = AE57C666285AFD75009CEA32 /* Assets.xcassets */; };
		AE57C66A285AFD75009CEA32 /* LaunchScreen.storyboard in Resources */ = {isa = PBXBuildFile; fileRef = AE57C668285AFD75009CEA32 /* LaunchScreen.storyboard */; };
		AE57C674285B0207009CEA32 /* SketchViewController.swift in Sources */ = {isa = PBXBuildFile; fileRef = AE57C673285B0207009CEA32 /* SketchViewController.swift */; };
		AE57C676285B0909009CEA32 /* CalculatorViewController.swift in Sources */ = {isa = PBXBuildFile; fileRef = AE57C675285B0909009CEA32 /* CalculatorViewController.swift */; };
		AE57C67A285B1A6F009CEA32 /* QuoteGeneratorViewController.swift in Sources */ = {isa = PBXBuildFile; fileRef = AE57C679285B1A6F009CEA32 /* QuoteGeneratorViewController.swift */; };
		AE57C67C285B1C0B009CEA32 /* Quote.swift in Sources */ = {isa = PBXBuildFile; fileRef = AE57C67B285B1C0B009CEA32 /* Quote.swift */; };
/* End PBXBuildFile section */

/* Begin PBXFileReference section */
		AE57C65A285AFD73009CEA32 /* 2A_202116030_test.app */ = {isa = PBXFileReference; explicitFileType = wrapper.application; includeInIndex = 0; path = 2A_202116030_test.app; sourceTree = BUILT_PRODUCTS_DIR; };
		AE57C65D285AFD73009CEA32 /* AppDelegate.swift */ = {isa = PBXFileReference; lastKnownFileType = sourcecode.swift; path = AppDelegate.swift; sourceTree = "<group>"; };
		AE57C65F285AFD73009CEA32 /* SceneDelegate.swift */ = {isa = PBXFileReference; lastKnownFileType = sourcecode.swift; path = SceneDelegate.swift; sourceTree = "<group>"; };
		AE57C664285AFD73009CEA32 /* Base */ = {isa = PBXFileReference; lastKnownFileType = file.storyboard; name = Base; path = Base.lproj/Main.storyboard; sourceTree = "<group>"; };
		AE57C666285AFD75009CEA32 /* Assets.xcassets */ = {isa = PBXFileReference; lastKnownFileType = folder.assetcatalog; path = Assets.xcassets; sourceTree = "<group>"; };
		AE57C669285AFD75009CEA32 /* Base */ = {isa = PBXFileReference; lastKnownFileType = file.storyboard; name = Base; path = Base.lproj/LaunchScreen.storyboard; sourceTree = "<group>"; };
		AE57C66B285AFD75009CEA32 /* Info.plist */ = {isa = PBXFileReference; lastKnownFileType = text.plist.xml; path = Info.plist; sourceTree = "<group>"; };
		AE57C673285B0207009CEA32 /* SketchViewController.swift */ = {isa = PBXFileReference; fileEncoding = 4; lastKnownFileType = sourcecode.swift; path = SketchViewController.swift; sourceTree = "<group>"; };
		AE57C675285B0909009CEA32 /* CalculatorViewController.swift */ = {isa = PBXFileReference; fileEncoding = 4; lastKnownFileType = sourcecode.swift; path = CalculatorViewController.swift; sourceTree = "<group>"; };
		AE57C679285B1A6F009CEA32 /* QuoteGeneratorViewController.swift */ = {isa = PBXFileReference; fileEncoding = 4; lastKnownFileType = sourcecode.swift; path = QuoteGeneratorViewController.swift; sourceTree = "<group>"; };
		AE57C67B285B1C0B009CEA32 /* Quote.swift */ = {isa = PBXFileReference; fileEncoding = 4; lastKnownFileType = sourcecode.swift; path = Quote.swift; sourceTree = "<group>"; };
/* End PBXFileReference section */

/* Begin PBXFrameworksBuildPhase section */
		AE57C657285AFD73009CEA32 /* Frameworks */ = {
			isa = PBXFrameworksBuildPhase;
			buildActionMask = 2147483647;
			files = (
			);
			runOnlyForDeploymentPostprocessing = 0;
		};
/* End PBXFrameworksBuildPhase section */

/* Begin PBXGroup section */
		AE57C651285AFD73009CEA32 = {
			isa = PBXGroup;
			children = (
				AE57C65C285AFD73009CEA32 /* 2A_202116030_test */,
				AE57C65B285AFD73009CEA32 /* Products */,
			);
			sourceTree = "<group>";
		};
		AE57C65B285AFD73009CEA32 /* Products */ = {
			isa = PBXGroup;
			children = (
				AE57C65A285AFD73009CEA32 /* 2A_202116030_test.app */,
			);
			name = Products;
			sourceTree = "<group>";
		};
		AE57C65C285AFD73009CEA32 /* 2A_202116030_test */ = {
			isa = PBXGroup;
			children = (
				AE57C65D285AFD73009CEA32 /* AppDelegate.swift */,
				AE57C65F285AFD73009CEA32 /* SceneDelegate.swift */,
				AE57C673285B0207009CEA32 /* SketchViewController.swift */,
				AE57C675285B0909009CEA32 /* CalculatorViewController.swift */,
				AE57C679285B1A6F009CEA32 /* QuoteGeneratorViewController.swift */,
				AE57C663285AFD73009CEA32 /* Main.storyboard */,
				AE57C666285AFD75009CEA32 /* Assets.xcassets */,
				AE57C668285AFD75009CEA32 /* LaunchScreen.storyboard */,
				AE57C66B285AFD75009CEA32 /* Info.plist */,
				AE57C67B285B1C0B009CEA32 /* Quote.swift */,
			);
			path = 2A_202116030_test;
			sourceTree = "<group>";
		};
/* End PBXGroup section */

/* Begin PBXNativeTarget section */
		AE57C659285AFD73009CEA32 /* 2A_202116030_test */ = {
			isa = PBXNativeTarget;
			buildConfigurationList = AE57C66E285AFD75009CEA32 /* Build configuration list for PBXNativeTarget "2A_202116030_test" */;
			buildPhases = (
				AE57C656285AFD73009CEA32 /* Sources */,
				AE57C657285AFD73009CEA32 /* Frameworks */,
				AE57C658285AFD73009CEA32 /* Resources */,
			);
			buildRules = (
			);
			dependencies = (
			);
			name = 2A_202116030_test;
			productName = 2A_202116030_test;
			productReference = AE57C65A285AFD73009CEA32 /* 2A_202116030_test.app */;
			productType = "com.apple.product-type.application";
		};
/* End PBXNativeTarget section */

/* Begin PBXProject section */
		AE57C652285AFD73009CEA32 /* Project object */ = {
			isa = PBXProject;
			attributes = {
				BuildIndependentTargetsInParallel = 1;
				LastSwiftUpdateCheck = 1320;
				LastUpgradeCheck = 1320;
				TargetAttributes = {
					AE57C659285AFD73009CEA32 = {
						CreatedOnToolsVersion = 13.2.1;
					};
				};
			};
			buildConfigurationList = AE57C655285AFD73009CEA32 /* Build configuration list for PBXProject "2A_202116030_test" */;
			compatibilityVersion = "Xcode 13.0";
			developmentRegion = en;
			hasScannedForEncodings = 0;
			knownRegions = (
				en,
				Base,
			);
			mainGroup = AE57C651285AFD73009CEA32;
			productRefGroup = AE57C65B285AFD73009CEA32 /* Products */;
			projectDirPath = "";
			projectRoot = "";
			targets = (
				AE57C659285AFD73009CEA32 /* 2A_202116030_test */,
			);
		};
/* End PBXProject section */

/* Begin PBXResourcesBuildPhase section */
		AE57C658285AFD73009CEA32 /* Resources */ = {
			isa = PBXResourcesBuildPhase;
			buildActionMask = 2147483647;
			files = (
				AE57C66A285AFD75009CEA32 /* LaunchScreen.storyboard in Resources */,
				AE57C667285AFD75009CEA32 /* Assets.xcassets in Resources */,
				AE57C665285AFD73009CEA32 /* Main.storyboard in Resources */,
			);
			runOnlyForDeploymentPostprocessing = 0;
		};
/* End PBXResourcesBuildPhase section */

/* Begin PBXSourcesBuildPhase section */
		AE57C656285AFD73009CEA32 /* Sources */ = {
			isa = PBXSourcesBuildPhase;
			buildActionMask = 2147483647;
			files = (
				AE57C676285B0909009CEA32 /* CalculatorViewController.swift in Sources */,
				AE57C65E285AFD73009CEA32 /* AppDelegate.swift in Sources */,
				AE57C674285B0207009CEA32 /* SketchViewController.swift in Sources */,
				AE57C660285AFD73009CEA32 /* SceneDelegate.swift in Sources */,
				AE57C67C285B1C0B009CEA32 /* Quote.swift in Sources */,
				AE57C67A285B1A6F009CEA32 /* QuoteGeneratorViewController.swift in Sources */,
			);
			runOnlyForDeploymentPostprocessing = 0;
		};
/* End PBXSourcesBuildPhase section */

/* Begin PBXVariantGroup section */
		AE57C663285AFD73009CEA32 /* Main.storyboard */ = {
			isa = PBXVariantGroup;
			children = (
				AE57C664285AFD73009CEA32 /* Base */,
			);
			name = Main.storyboard;
			sourceTree = "<group>";
		};
		AE57C668285AFD75009CEA32 /* LaunchScreen.storyboard */ = {
			isa = PBXVariantGroup;
			children = (
				AE57C669285AFD75009CEA32 /* Base */,
			);
			name = LaunchScreen.storyboard;
			sourceTree = "<group>";
		};
/* End PBXVariantGroup section */

/* Begin XCBuildConfiguration section */
		AE57C66C285AFD75009CEA32 /* Debug */ = {
			isa = XCBuildConfiguration;
			buildSettings = {
				ALWAYS_SEARCH_USER_PATHS = NO;
				CLANG_ANALYZER_NONNULL = YES;
				CLANG_ANALYZER_NUMBER_OBJECT_CONVERSION = YES_AGGRESSIVE;
				CLANG_CXX_LANGUAGE_STANDARD = "gnu++17";
				CLANG_CXX_LIBRARY = "libc++";
				CLANG_ENABLE_MODULES = YES;
				CLANG_ENABLE_OBJC_ARC = YES;
				CLANG_ENABLE_OBJC_WEAK = YES;
				CLANG_WARN_BLOCK_CAPTURE_AUTORELEASING = YES;
				CLANG_WARN_BOOL_CONVERSION = YES;
				CLANG_WARN_COMMA = YES;
				CLANG_WARN_CONSTANT_CONVERSION = YES;
				CLANG_WARN_DEPRECATED_OBJC_IMPLEMENTATIONS = YES;
				CLANG_WARN_DIRECT_OBJC_ISA_USAGE = YES_ERROR;
				CLANG_WARN_DOCUMENTATION_COMMENTS = YES;
				CLANG_WARN_EMPTY_BODY = YES;
				CLANG_WARN_ENUM_CONVERSION = YES;
				CLANG_WARN_INFINITE_RECURSION = YES;
				CLANG_WARN_INT_CONVERSION = YES;
				CLANG_WARN_NON_LITERAL_NULL_CONVERSION = YES;
				CLANG_WARN_OBJC_IMPLICIT_RETAIN_SELF = YES;
				CLANG_WARN_OBJC_LITERAL_CONVERSION = YES;
				CLANG_WARN_OBJC_ROOT_CLASS = YES_ERROR;
				CLANG_WARN_QUOTED_INCLUDE_IN_FRAMEWORK_HEADER = YES;
				CLANG_WARN_RANGE_LOOP_ANALYSIS = YES;
				CLANG_WARN_STRICT_PROTOTYPES = YES;
				CLANG_WARN_SUSPICIOUS_MOVE = YES;
				CLANG_WARN_UNGUARDED_AVAILABILITY = YES_AGGRESSIVE;
				CLANG_WARN_UNREACHABLE_CODE = YES;
				CLANG_WARN__DUPLICATE_METHOD_MATCH = YES;
				COPY_PHASE_STRIP = NO;
				DEBUG_INFORMATION_FORMAT = dwarf;
				ENABLE_STRICT_OBJC_MSGSEND = YES;
				ENABLE_TESTABILITY = YES;
				GCC_C_LANGUAGE_STANDARD = gnu11;
				GCC_DYNAMIC_NO_PIC = NO;
				GCC_NO_COMMON_BLOCKS = YES;
				GCC_OPTIMIZATION_LEVEL = 0;
				GCC_PREPROCESSOR_DEFINITIONS = (
					"DEBUG=1",
					"$(inherited)",
				);
				GCC_WARN_64_TO_32_BIT_CONVERSION = YES;
				GCC_WARN_ABOUT_RETURN_TYPE = YES_ERROR;
				GCC_WARN_UNDECLARED_SELECTOR = YES;
				GCC_WARN_UNINITIALIZED_AUTOS = YES_AGGRESSIVE;
				GCC_WARN_UNUSED_FUNCTION = YES;
				GCC_WARN_UNUSED_VARIABLE = YES;
				IPHONEOS_DEPLOYMENT_TARGET = 15.2;
				MTL_ENABLE_DEBUG_INFO = INCLUDE_SOURCE;
				MTL_FAST_MATH = YES;
				ONLY_ACTIVE_ARCH = YES;
				SDKROOT = iphoneos;
				SWIFT_ACTIVE_COMPILATION_CONDITIONS = DEBUG;
				SWIFT_OPTIMIZATION_LEVEL = "-Onone";
			};
			name = Debug;
		};
		AE57C66D285AFD75009CEA32 /* Release */ = {
			isa = XCBuildConfiguration;
			buildSettings = {
				ALWAYS_SEARCH_USER_PATHS = NO;
				CLANG_ANALYZER_NONNULL = YES;
				CLANG_ANALYZER_NUMBER_OBJECT_CONVERSION = YES_AGGRESSIVE;
				CLANG_CXX_LANGUAGE_STANDARD = "gnu++17";
				CLANG_CXX_LIBRARY = "libc++";
				CLANG_ENABLE_MODULES = YES;
				CLANG_ENABLE_OBJC_ARC = YES;
				CLANG_ENABLE_OBJC_WEAK = YES;
				CLANG_WARN_BLOCK_CAPTURE_AUTORELEASING = YES;
				CLANG_WARN_BOOL_CONVERSION = YES;
				CLANG_WARN_COMMA = YES;
				CLANG_WARN_CONSTANT_CONVERSION = YES;
				CLANG_WARN_DEPRECATED_OBJC_IMPLEMENTATIONS = YES;
				CLANG_WARN_DIRECT_OBJC_ISA_USAGE = YES_ERROR;
				CLANG_WARN_DOCUMENTATION_COMMENTS = YES;
				CLANG_WARN_EMPTY_BODY = YES;
				CLANG_WARN_ENUM_CONVERSION = YES;
				CLANG_WARN_INFINITE_RECURSION = YES;
				CLANG_WARN_INT_CONVERSION = YES;
				CLANG_WARN_NON_LITERAL_NULL_CONVERSION = YES;
				CLANG_WARN_OBJC_IMPLICIT_RETAIN_SELF = YES;
				CLANG_WARN_OBJC_LITERAL_CONVERSION = YES;
				CLANG_WARN_OBJC_ROOT_CLASS = YES_ERROR;
				CLANG_WARN_QUOTED_INCLUDE_IN_FRAMEWORK_HEADER = YES;
				CLANG_WARN_RANGE_LOOP_ANALYSIS = YES;
				CLANG_WARN_STRICT_PROTOTYPES = YES;
				CLANG_WARN_SUSPICIOUS_MOVE = YES;
				CLANG_WARN_UNGUARDED_AVAILABILITY = YES_AGGRESSIVE;
				CLANG_WARN_UNREACHABLE_CODE = YES;
				CLANG_WARN__DUPLICATE_METHOD_MATCH = YES;
				COPY_PHASE_STRIP = NO;
				DEBUG_INFORMATION_FORMAT = "dwarf-with-dsym";
				ENABLE_NS_ASSERTIONS = NO;
				ENABLE_STRICT_OBJC_MSGSEND = YES;
				GCC_C_LANGUAGE_STANDARD = gnu11;
				GCC_NO_COMMON_BLOCKS = YES;
				GCC_WARN_64_TO_32_BIT_CONVERSION = YES;
				GCC_WARN_ABOUT_RETURN_TYPE = YES_ERROR;
				GCC_WARN_UNDECLARED_SELECTOR = YES;
				GCC_WARN_UNINITIALIZED_AUTOS = YES_AGGRESSIVE;
				GCC_WARN_UNUSED_FUNCTION = YES;
				GCC_WARN_UNUSED_VARIABLE = YES;
				IPHONEOS_DEPLOYMENT_TARGET = 15.2;
				MTL_ENABLE_DEBUG_INFO = NO;
				MTL_FAST_MATH = YES;
				SDKROOT = iphoneos;
				SWIFT_COMPILATION_MODE = wholemodule;
				SWIFT_OPTIMIZATION_LEVEL = "-O";
				VALIDATE_PRODUCT = YES;
			};
			name = Release;
		};
		AE57C66F285AFD75009CEA32 /* Debug */ = {
			isa = XCBuildConfiguration;
			buildSettings = {
				ASSETCATALOG_COMPILER_APPICON_NAME = AppIcon;
				ASSETCATALOG_COMPILER_GLOBAL_ACCENT_COLOR_NAME = AccentColor;
				CODE_SIGN_STYLE = Automatic;
				CURRENT_PROJECT_VERSION = 1;
				GENERATE_INFOPLIST_FILE = YES;
				INFOPLIST_FILE = 2A_202116030_test/Info.plist;
				INFOPLIST_KEY_UIApplicationSupportsIndirectInputEvents = YES;
				INFOPLIST_KEY_UILaunchStoryboardName = LaunchScreen;
				INFOPLIST_KEY_UIMainStoryboardFile = Main;
				INFOPLIST_KEY_UISupportedInterfaceOrientations_iPad = "UIInterfaceOrientationPortrait UIInterfaceOrientationPortraitUpsideDown UIInterfaceOrientationLandscapeLeft UIInterfaceOrientationLandscapeRight";
				INFOPLIST_KEY_UISupportedInterfaceOrientations_iPhone = "UIInterfaceOrientationPortrait UIInterfaceOrientationLandscapeLeft UIInterfaceOrientationLandscapeRight";
				LD_RUNPATH_SEARCH_PATHS = (
					"$(inherited)",
					"@executable_path/Frameworks",
				);
				MARKETING_VERSION = 1.0;
				PRODUCT_BUNDLE_IDENTIFIER = "kr.ac.induk.www.-A-202116030-test";
				PRODUCT_NAME = "$(TARGET_NAME)";
				SWIFT_EMIT_LOC_STRINGS = YES;
				SWIFT_VERSION = 5.0;
				TARGETED_DEVICE_FAMILY = "1,2";
			};
			name = Debug;
		};
		AE57C670285AFD75009CEA32 /* Release */ = {
			isa = XCBuildConfiguration;
			buildSettings = {
				ASSETCATALOG_COMPILER_APPICON_NAME = AppIcon;
				ASSETCATALOG_COMPILER_GLOBAL_ACCENT_COLOR_NAME = AccentColor;
				CODE_SIGN_STYLE = Automatic;
				CURRENT_PROJECT_VERSION = 1;
				GENERATE_INFOPLIST_FILE = YES;
				INFOPLIST_FILE = 2A_202116030_test/Info.plist;
				INFOPLIST_KEY_UIApplicationSupportsIndirectInputEvents = YES;
				INFOPLIST_KEY_UILaunchStoryboardName = LaunchScreen;
				INFOPLIST_KEY_UIMainStoryboardFile = Main;
				INFOPLIST_KEY_UISupportedInterfaceOrientations_iPad = "UIInterfaceOrientationPortrait UIInterfaceOrientationPortraitUpsideDown UIInterfaceOrientationLandscapeLeft UIInterfaceOrientationLandscapeRight";
				INFOPLIST_KEY_UISupportedInterfaceOrientations_iPhone = "UIInterfaceOrientationPortrait UIInterfaceOrientationLandscapeLeft UIInterfaceOrientationLandscapeRight";
				LD_RUNPATH_SEARCH_PATHS = (
					"$(inherited)",
					"@executable_path/Frameworks",
				);
				MARKETING_VERSION = 1.0;
				PRODUCT_BUNDLE_IDENTIFIER = "kr.ac.induk.www.-A-202116030-test";
				PRODUCT_NAME = "$(TARGET_NAME)";
				SWIFT_EMIT_LOC_STRINGS = YES;
				SWIFT_VERSION = 5.0;
				TARGETED_DEVICE_FAMILY = "1,2";
			};
			name = Release;
		};
/* End XCBuildConfiguration section */

/* Begin XCConfigurationList section */
		AE57C655285AFD73009CEA32 /* Build configuration list for PBXProject "2A_202116030_test" */ = {
			isa = XCConfigurationList;
			buildConfigurations = (
				AE57C66C285AFD75009CEA32 /* Debug */,
				AE57C66D285AFD75009CEA32 /* Release */,
			);
			defaultConfigurationIsVisible = 0;
			defaultConfigurationName = Release;
		};
		AE57C66E285AFD75009CEA32 /* Build configuration list for PBXNativeTarget "2A_202116030_test" */ = {
			isa = XCConfigurationList;
			buildConfigurations = (
				AE57C66F285AFD75009CEA32 /* Debug */,
				AE57C670285AFD75009CEA32 /* Release */,
			);
			defaultConfigurationIsVisible = 0;
			defaultConfigurationName = Release;
		};
/* End XCConfigurationList section */
	};
	rootObject = AE57C652285AFD73009CEA32 /* Project object */;
}
